
Microsoft Visual Studio Solution File, Format Version 12.00
# Visual Studio Version 17
VisualStudioVersion = 17.10.35027.167
MinimumVisualStudioVersion = 10.0.40219.1
Project("{9A19103F-16F7-4668-BE54-9A1E7A4F7556}") = "FinanceLibrary", "FinanceLibrary\FinanceLibrary.csproj", "{1414B1DE-9416-4A49-942D-B287373CD0A4}"
EndProject
Project("{9A19103F-16F7-4668-BE54-9A1E7A4F7556}") = "FinanceLibraryTest", "FinanceLibraryTest\FinanceLibraryTest.csproj", "{7857D484-6BC7-42DE-9852-E6B888475D2C}"
EndProject
Global
	GlobalSection(SolutionConfigurationPlatforms) = preSolution
		Debug|Any CPU = Debug|Any CPU
		Release|Any CPU = Release|Any CPU
	EndGlobalSection
	GlobalSection(ProjectConfigurationPlatforms) = postSolution
		{1414B1DE-9416-4A49-942D-B287373CD0A4}.Debug|Any CPU.ActiveCfg = Debug|Any CPU
		{1414B1DE-9416-4A49-942D-B287373CD0A4}.Debug|Any CPU.Build.0 = Debug|Any CPU
		{1414B1DE-9416-4A49-942D-B287373CD0A4}.Release|Any CPU.ActiveCfg = Release|Any CPU
		{1414B1DE-9416-4A49-942D-B287373CD0A4}.Release|Any CPU.Build.0 = Release|Any CPU
		{7857D484-6BC7-42DE-9852-E6B888475D2C}.Debug|Any CPU.ActiveCfg = Debug|Any CPU
		{7857D484-6BC7-42DE-9852-E6B888475D2C}.Debug|Any CPU.Build.0 = Debug|Any CPU
		{7857D484-6BC7-42DE-9852-E6B888475D2C}.Release|Any CPU.ActiveCfg = Release|Any CPU
		{7857D484-6BC7-42DE-9852-E6B888475D2C}.Release|Any CPU.Build.0 = Release|Any CPU
	EndGlobalSection
	GlobalSection(SolutionProperties) = preSolution
		HideSolutionNode = FALSE
	EndGlobalSection
	GlobalSection(ExtensibilityGlobals) = postSolution
		SolutionGuid = {EBD29779-43F7-4B2A-B453-998551ADD984}
	EndGlobalSection
EndGlobal
